// !$*UTF8*$!
{
	archiveVersion = 1;
	classes = {
	};
	objectVersion = 50;
	objects = {

/* Begin PBXBuildFile section */
		B541B9A725C0B09C002FB211 /* AppDelegate.swift in Sources */ = {isa = PBXBuildFile; fileRef = B541B9A625C0B09C002FB211 /* AppDelegate.swift */; };
		B541B9A925C0B09C002FB211 /* ViewController.swift in Sources */ = {isa = PBXBuildFile; fileRef = B541B9A825C0B09C002FB211 /* ViewController.swift */; };
		B541B9AB25C0B09D002FB211 /* Assets.xcassets in Resources */ = {isa = PBXBuildFile; fileRef = B541B9AA25C0B09D002FB211 /* Assets.xcassets */; };
		B541B9AE25C0B09D002FB211 /* Main.storyboard in Resources */ = {isa = PBXBuildFile; fileRef = B541B9AC25C0B09D002FB211 /* Main.storyboard */; };
		B541B9BA25C0B09D002FB211 /* SampleTests.swift in Sources */ = {isa = PBXBuildFile; fileRef = B541B9B925C0B09D002FB211 /* SampleTests.swift */; };
		B541B9C525C0B09D002FB211 /* SampleUITests.swift in Sources */ = {isa = PBXBuildFile; fileRef = B541B9C425C0B09D002FB211 /* SampleUITests.swift */; };
/* End PBXBuildFile section */

/* Begin PBXContainerItemProxy section */
		B541B9B625C0B09D002FB211 /* PBXContainerItemProxy */ = {
			isa = PBXContainerItemProxy;
			containerPortal = B541B99B25C0B09C002FB211 /* Project object */;
			proxyType = 1;
			remoteGlobalIDString = B541B9A225C0B09C002FB211;
			remoteInfo = Sample;
		};
		B541B9C125C0B09D002FB211 /* PBXContainerItemProxy */ = {
			isa = PBXContainerItemProxy;
			containerPortal = B541B99B25C0B09C002FB211 /* Project object */;
			proxyType = 1;
			remoteGlobalIDString = B541B9A225C0B09C002FB211;
			remoteInfo = Sample;
		};
/* End PBXContainerItemProxy section */

/* Begin PBXFileReference section */
		B541B9A325C0B09C002FB211 /* Sample.app */ = {isa = PBXFileReference; explicitFileType = wrapper.application; includeInIndex = 0; path = Sample.app; sourceTree = BUILT_PRODUCTS_DIR; };
		B541B9A625C0B09C002FB211 /* AppDelegate.swift */ = {isa = PBXFileReference; lastKnownFileType = sourcecode.swift; path = AppDelegate.swift; sourceTree = "<group>"; };
		B541B9A825C0B09C002FB211 /* ViewController.swift */ = {isa = PBXFileReference; lastKnownFileType = sourcecode.swift; path = ViewController.swift; sourceTree = "<group>"; };
		B541B9AA25C0B09D002FB211 /* Assets.xcassets */ = {isa = PBXFileReference; lastKnownFileType = folder.assetcatalog; path = Assets.xcassets; sourceTree = "<group>"; };
		B541B9AD25C0B09D002FB211 /* Base */ = {isa = PBXFileReference; lastKnownFileType = file.storyboard; name = Base; path = Base.lproj/Main.storyboard; sourceTree = "<group>"; };
		B541B9AF25C0B09D002FB211 /* Info.plist */ = {isa = PBXFileReference; lastKnownFileType = text.plist.xml; path = Info.plist; sourceTree = "<group>"; };
		B541B9B025C0B09D002FB211 /* Sample.entitlements */ = {isa = PBXFileReference; lastKnownFileType = text.plist.entitlements; path = Sample.entitlements; sourceTree = "<group>"; };
		B541B9B525C0B09D002FB211 /* SampleTests.xctest */ = {isa = PBXFileReference; explicitFileType = wrapper.cfbundle; includeInIndex = 0; path = SampleTests.xctest; sourceTree = BUILT_PRODUCTS_DIR; };
		B541B9B925C0B09D002FB211 /* SampleTests.swift */ = {isa = PBXFileReference; lastKnownFileType = sourcecode.swift; path = SampleTests.swift; sourceTree = "<group>"; };
		B541B9BB25C0B09D002FB211 /* Info.plist */ = {isa = PBXFileReference; lastKnownFileType = text.plist.xml; path = Info.plist; sourceTree = "<group>"; };
		B541B9C025C0B09D002FB211 /* SampleUITests.xctest */ = {isa = PBXFileReference; explicitFileType = wrapper.cfbundle; includeInIndex = 0; path = SampleUITests.xctest; sourceTree = BUILT_PRODUCTS_DIR; };
		B541B9C425C0B09D002FB211 /* SampleUITests.swift */ = {isa = PBXFileReference; lastKnownFileType = sourcecode.swift; path = SampleUITests.swift; sourceTree = "<group>"; };
		B541B9C625C0B09D002FB211 /* Info.plist */ = {isa = PBXFileReference; lastKnownFileType = text.plist.xml; path = Info.plist; sourceTree = "<group>"; };
/* End PBXFileReference section */

/* Begin PBXFrameworksBuildPhase section */
		B541B9A025C0B09C002FB211 /* Frameworks */ = {
			isa = PBXFrameworksBuildPhase;
			buildActionMask = 2147483647;
			files = (
			);
			runOnlyForDeploymentPostprocessing = 0;
		};
		B541B9B225C0B09D002FB211 /* Frameworks */ = {
			isa = PBXFrameworksBuildPhase;
			buildActionMask = 2147483647;
			files = (
			);
			runOnlyForDeploymentPostprocessing = 0;
		};
		B541B9BD25C0B09D002FB211 /* Frameworks */ = {
			isa = PBXFrameworksBuildPhase;
			buildActionMask = 2147483647;
			files = (
			);
			runOnlyForDeploymentPostprocessing = 0;
		};
/* End PBXFrameworksBuildPhase section */

/* Begin PBXGroup section */
		B541B99A25C0B09C002FB211 = {
			isa = PBXGroup;
			children = (
				B541B9A525C0B09C002FB211 /* Sample */,
				B541B9B825C0B09D002FB211 /* SampleTests */,
				B541B9C325C0B09D002FB211 /* SampleUITests */,
				B541B9A425C0B09C002FB211 /* Products */,
			);
			sourceTree = "<group>";
		};
		B541B9A425C0B09C002FB211 /* Products */ = {
			isa = PBXGroup;
			children = (
				B541B9A325C0B09C002FB211 /* Sample.app */,
				B541B9B525C0B09D002FB211 /* SampleTests.xctest */,
				B541B9C025C0B09D002FB211 /* SampleUITests.xctest */,
			);
			name = Products;
			sourceTree = "<group>";
		};
		B541B9A525C0B09C002FB211 /* Sample */ = {
			isa = PBXGroup;
			children = (
				B541B9A625C0B09C002FB211 /* AppDelegate.swift */,
				B541B9A825C0B09C002FB211 /* ViewController.swift */,
				B541B9AA25C0B09D002FB211 /* Assets.xcassets */,
				B541B9AC25C0B09D002FB211 /* Main.storyboard */,
				B541B9AF25C0B09D002FB211 /* Info.plist */,
				B541B9B025C0B09D002FB211 /* Sample.entitlements */,
			);
			path = Sample;
			sourceTree = "<group>";
		};
		B541B9B825C0B09D002FB211 /* SampleTests */ = {
			isa = PBXGroup;
			children = (
				B541B9B925C0B09D002FB211 /* SampleTests.swift */,
				B541B9BB25C0B09D002FB211 /* Info.plist */,
			);
			path = SampleTests;
			sourceTree = "<group>";
		};
		B541B9C325C0B09D002FB211 /* SampleUITests */ = {
			isa = PBXGroup;
			children = (
				B541B9C425C0B09D002FB211 /* SampleUITests.swift */,
				B541B9C625C0B09D002FB211 /* Info.plist */,
			);
			path = SampleUITests;
			sourceTree = "<group>";
		};
/* End PBXGroup section */

/* Begin PBXNativeTarget section */
		B541B9A225C0B09C002FB211 /* Sample */ = {
			isa = PBXNativeTarget;
			buildConfigurationList = B541B9C925C0B09D002FB211 /* Build configuration list for PBXNativeTarget "Sample" */;
			buildPhases = (
				B541B99F25C0B09C002FB211 /* Sources */,
				B541B9A025C0B09C002FB211 /* Frameworks */,
				B541B9A125C0B09C002FB211 /* Resources */,
			);
			buildRules = (
			);
			dependencies = (
			);
			name = Sample;
			productName = Sample;
			productReference = B541B9A325C0B09C002FB211 /* Sample.app */;
			productType = "com.apple.product-type.application";
		};
		B541B9B425C0B09D002FB211 /* SampleTests */ = {
			isa = PBXNativeTarget;
			buildConfigurationList = B541B9CC25C0B09D002FB211 /* Build configuration list for PBXNativeTarget "SampleTests" */;
			buildPhases = (
				B541B9B125C0B09D002FB211 /* Sources */,
				B541B9B225C0B09D002FB211 /* Frameworks */,
				B541B9B325C0B09D002FB211 /* Resources */,
			);
			buildRules = (
			);
			dependencies = (
				B541B9B725C0B09D002FB211 /* PBXTargetDependency */,
			);
			name = SampleTests;
			productName = SampleTests;
			productReference = B541B9B525C0B09D002FB211 /* SampleTests.xctest */;
			productType = "com.apple.product-type.bundle.unit-test";
		};
		B541B9BF25C0B09D002FB211 /* SampleUITests */ = {
			isa = PBXNativeTarget;
			buildConfigurationList = B541B9CF25C0B09D002FB211 /* Build configuration list for PBXNativeTarget "SampleUITests" */;
			buildPhases = (
				B541B9BC25C0B09D002FB211 /* Sources */,
				B541B9BD25C0B09D002FB211 /* Frameworks */,
				B541B9BE25C0B09D002FB211 /* Resources */,
			);
			buildRules = (
			);
			dependencies = (
				B541B9C225C0B09D002FB211 /* PBXTargetDependency */,
			);
			name = SampleUITests;
			productName = SampleUITests;
			productReference = B541B9C025C0B09D002FB211 /* SampleUITests.xctest */;
			productType = "com.apple.product-type.bundle.ui-testing";
		};
/* End PBXNativeTarget section */

/* Begin PBXProject section */
		B541B99B25C0B09C002FB211 /* Project object */ = {
			isa = PBXProject;
			attributes = {
				LastSwiftUpdateCheck = 1230;
				LastUpgradeCheck = 1230;
				TargetAttributes = {
					B541B9A225C0B09C002FB211 = {
						CreatedOnToolsVersion = 12.3;
					};
					B541B9B425C0B09D002FB211 = {
						CreatedOnToolsVersion = 12.3;
						TestTargetID = B541B9A225C0B09C002FB211;
					};
					B541B9BF25C0B09D002FB211 = {
						CreatedOnToolsVersion = 12.3;
						TestTargetID = B541B9A225C0B09C002FB211;
					};
				};
			};
			buildConfigurationList = B541B99E25C0B09C002FB211 /* Build configuration list for PBXProject "Sample" */;
			compatibilityVersion = "Xcode 9.3";
			developmentRegion = en;
			hasScannedForEncodings = 0;
			knownRegions = (
				en,
				Base,
			);
			mainGroup = B541B99A25C0B09C002FB211;
			productRefGroup = B541B9A425C0B09C002FB211 /* Products */;
			projectDirPath = "";
			projectRoot = "";
			targets = (
				B541B9A225C0B09C002FB211 /* Sample */,
				B541B9B425C0B09D002FB211 /* SampleTests */,
				B541B9BF25C0B09D002FB211 /* SampleUITests */,
			);
		};
/* End PBXProject section */

/* Begin PBXResourcesBuildPhase section */
		B541B9A125C0B09C002FB211 /* Resources */ = {
			isa = PBXResourcesBuildPhase;
			buildActionMask = 2147483647;
			files = (
				B541B9AB25C0B09D002FB211 /* Assets.xcassets in Resources */,
				B541B9AE25C0B09D002FB211 /* Main.storyboard in Resources */,
			);
			runOnlyForDeploymentPostprocessing = 0;
		};
		B541B9B325C0B09D002FB211 /* Resources */ = {
			isa = PBXResourcesBuildPhase;
			buildActionMask = 2147483647;
			files = (
			);
			runOnlyForDeploymentPostprocessing = 0;
		};
		B541B9BE25C0B09D002FB211 /* Resources */ = {
			isa = PBXResourcesBuildPhase;
			buildActionMask = 2147483647;
			files = (
			);
			runOnlyForDeploymentPostprocessing = 0;
		};
/* End PBXResourcesBuildPhase section */

/* Begin PBXSourcesBuildPhase section */
		B541B99F25C0B09C002FB211 /* Sources */ = {
			isa = PBXSourcesBuildPhase;
			buildActionMask = 2147483647;
			files = (
				B541B9A925C0B09C002FB211 /* ViewController.swift in Sources */,
				B541B9A725C0B09C002FB211 /* AppDelegate.swift in Sources */,
			);
			runOnlyForDeploymentPostprocessing = 0;
		};
		B541B9B125C0B09D002FB211 /* Sources */ = {
			isa = PBXSourcesBuildPhase;
			buildActionMask = 2147483647;
			files = (
				B541B9BA25C0B09D002FB211 /* SampleTests.swift in Sources */,
			);
			runOnlyForDeploymentPostprocessing = 0;
		};
		B541B9BC25C0B09D002FB211 /* Sources */ = {
			isa = PBXSourcesBuildPhase;
			buildActionMask = 2147483647;
			files = (
				B541B9C525C0B09D002FB211 /* SampleUITests.swift in Sources */,
			);
			runOnlyForDeploymentPostprocessing = 0;
		};
/* End PBXSourcesBuildPhase section */

/* Begin PBXTargetDependency section */
		B541B9B725C0B09D002FB211 /* PBXTargetDependency */ = {
			isa = PBXTargetDependency;
			target = B541B9A225C0B09C002FB211 /* Sample */;
			targetProxy = B541B9B625C0B09D002FB211 /* PBXContainerItemProxy */;
		};
		B541B9C225C0B09D002FB211 /* PBXTargetDependency */ = {
			isa = PBXTargetDependency;
			target = B541B9A225C0B09C002FB211 /* Sample */;
			targetProxy = B541B9C125C0B09D002FB211 /* PBXContainerItemProxy */;
		};
/* End PBXTargetDependency section */

/* Begin PBXVariantGroup section */
		B541B9AC25C0B09D002FB211 /* Main.storyboard */ = {
			isa = PBXVariantGroup;
			children = (
				B541B9AD25C0B09D002FB211 /* Base */,
			);
			name = Main.storyboard;
			sourceTree = "<group>";
		};
/* End PBXVariantGroup section */

/* Begin XCBuildConfiguration section */
		B541B9C725C0B09D002FB211 /* Debug */ = {
			isa = XCBuildConfiguration;
			buildSettings = {
				ALWAYS_SEARCH_USER_PATHS = NO;
				CLANG_ANALYZER_NONNULL = YES;
				CLANG_ANALYZER_NUMBER_OBJECT_CONVERSION = YES_AGGRESSIVE;
				CLANG_CXX_LANGUAGE_STANDARD = "gnu++14";
				CLANG_CXX_LIBRARY = "libc++";
				CLANG_ENABLE_MODULES = YES;
				CLANG_ENABLE_OBJC_ARC = YES;
				CLANG_ENABLE_OBJC_WEAK = YES;
				CLANG_WARN_BLOCK_CAPTURE_AUTORELEASING = YES;
				CLANG_WARN_BOOL_CONVERSION = YES;
				CLANG_WARN_COMMA = YES;
				CLANG_WARN_CONSTANT_CONVERSION = YES;
				CLANG_WARN_DEPRECATED_OBJC_IMPLEMENTATIONS = YES;
				CLANG_WARN_DIRECT_OBJC_ISA_USAGE = YES_ERROR;
				CLANG_WARN_DOCUMENTATION_COMMENTS = YES;
				CLANG_WARN_EMPTY_BODY = YES;
				CLANG_WARN_ENUM_CONVERSION = YES;
				CLANG_WARN_INFINITE_RECURSION = YES;
				CLANG_WARN_INT_CONVERSION = YES;
				CLANG_WARN_NON_LITERAL_NULL_CONVERSION = YES;
				CLANG_WARN_OBJC_IMPLICIT_RETAIN_SELF = YES;
				CLANG_WARN_OBJC_LITERAL_CONVERSION = YES;
				CLANG_WARN_OBJC_ROOT_CLASS = YES_ERROR;
				CLANG_WARN_QUOTED_INCLUDE_IN_FRAMEWORK_HEADER = YES;
				CLANG_WARN_RANGE_LOOP_ANALYSIS = YES;
				CLANG_WARN_STRICT_PROTOTYPES = YES;
				CLANG_WARN_SUSPICIOUS_MOVE = YES;
				CLANG_WARN_UNGUARDED_AVAILABILITY = YES_AGGRESSIVE;
				CLANG_WARN_UNREACHABLE_CODE = YES;
				CLANG_WARN__DUPLICATE_METHOD_MATCH = YES;
				COPY_PHASE_STRIP = NO;
				DEBUG_INFORMATION_FORMAT = dwarf;
				ENABLE_STRICT_OBJC_MSGSEND = YES;
				ENABLE_TESTABILITY = YES;
				GCC_C_LANGUAGE_STANDARD = gnu11;
				GCC_DYNAMIC_NO_PIC = NO;
				GCC_NO_COMMON_BLOCKS = YES;
				GCC_OPTIMIZATION_LEVEL = 0;
				GCC_PREPROCESSOR_DEFINITIONS = (
					"DEBUG=1",
					"$(inherited)",
				);
				GCC_WARN_64_TO_32_BIT_CONVERSION = YES;
				GCC_WARN_ABOUT_RETURN_TYPE = YES_ERROR;
				GCC_WARN_UNDECLARED_SELECTOR = YES;
				GCC_WARN_UNINITIALIZED_AUTOS = YES_AGGRESSIVE;
				GCC_WARN_UNUSED_FUNCTION = YES;
				GCC_WARN_UNUSED_VARIABLE = YES;
				MACOSX_DEPLOYMENT_TARGET = 11.1;
				MTL_ENABLE_DEBUG_INFO = INCLUDE_SOURCE;
				MTL_FAST_MATH = YES;
				ONLY_ACTIVE_ARCH = YES;
				SDKROOT = macosx;
				SWIFT_ACTIVE_COMPILATION_CONDITIONS = DEBUG;
				SWIFT_OPTIMIZATION_LEVEL = "-Onone";
			};
			name = Debug;
		};
		B541B9C825C0B09D002FB211 /* Release */ = {
			isa = XCBuildConfiguration;
			buildSettings = {
				ALWAYS_SEARCH_USER_PATHS = NO;
				CLANG_ANALYZER_NONNULL = YES;
				CLANG_ANALYZER_NUMBER_OBJECT_CONVERSION = YES_AGGRESSIVE;
				CLANG_CXX_LANGUAGE_STANDARD = "gnu++14";
				CLANG_CXX_LIBRARY = "libc++";
				CLANG_ENABLE_MODULES = YES;
				CLANG_ENABLE_OBJC_ARC = YES;
				CLANG_ENABLE_OBJC_WEAK = YES;
				CLANG_WARN_BLOCK_CAPTURE_AUTORELEASING = YES;
				CLANG_WARN_BOOL_CONVERSION = YES;
				CLANG_WARN_COMMA = YES;
				CLANG_WARN_CONSTANT_CONVERSION = YES;
				CLANG_WARN_DEPRECATED_OBJC_IMPLEMENTATIONS = YES;
				CLANG_WARN_DIRECT_OBJC_ISA_USAGE = YES_ERROR;
				CLANG_WARN_DOCUMENTATION_COMMENTS = YES;
				CLANG_WARN_EMPTY_BODY = YES;
				CLANG_WARN_ENUM_CONVERSION = YES;
				CLANG_WARN_INFINITE_RECURSION = YES;
				CLANG_WARN_INT_CONVERSION = YES;
				CLANG_WARN_NON_LITERAL_NULL_CONVERSION = YES;
				CLANG_WARN_OBJC_IMPLICIT_RETAIN_SELF = YES;
				CLANG_WARN_OBJC_LITERAL_CONVERSION = YES;
				CLANG_WARN_OBJC_ROOT_CLASS = YES_ERROR;
				CLANG_WARN_QUOTED_INCLUDE_IN_FRAMEWORK_HEADER = YES;
				CLANG_WARN_RANGE_LOOP_ANALYSIS = YES;
				CLANG_WARN_STRICT_PROTOTYPES = YES;
				CLANG_WARN_SUSPICIOUS_MOVE = YES;
				CLANG_WARN_UNGUARDED_AVAILABILITY = YES_AGGRESSIVE;
				CLANG_WARN_UNREACHABLE_CODE = YES;
				CLANG_WARN__DUPLICATE_METHOD_MATCH = YES;
				COPY_PHASE_STRIP = NO;
				DEBUG_INFORMATION_FORMAT = "dwarf-with-dsym";
				ENABLE_NS_ASSERTIONS = NO;
				ENABLE_STRICT_OBJC_MSGSEND = YES;
				GCC_C_LANGUAGE_STANDARD = gnu11;
				GCC_NO_COMMON_BLOCKS = YES;
				GCC_WARN_64_TO_32_BIT_CONVERSION = YES;
				GCC_WARN_ABOUT_RETURN_TYPE = YES_ERROR;
				GCC_WARN_UNDECLARED_SELECTOR = YES;
				GCC_WARN_UNINITIALIZED_AUTOS = YES_AGGRESSIVE;
				GCC_WARN_UNUSED_FUNCTION = YES;
				GCC_WARN_UNUSED_VARIABLE = YES;
				MACOSX_DEPLOYMENT_TARGET = 11.1;
				MTL_ENABLE_DEBUG_INFO = NO;
				MTL_FAST_MATH = YES;
				SDKROOT = macosx;
				SWIFT_COMPILATION_MODE = wholemodule;
				SWIFT_OPTIMIZATION_LEVEL = "-O";
			};
			name = Release;
		};
		B541B9CA25C0B09D002FB211 /* Debug */ = {
			isa = XCBuildConfiguration;
			buildSettings = {
				ASSETCATALOG_COMPILER_APPICON_NAME = AppIcon;
				ASSETCATALOG_COMPILER_GLOBAL_ACCENT_COLOR_NAME = AccentColor;
				CODE_SIGN_ENTITLEMENTS = Sample/Sample.entitlements;
				CODE_SIGN_IDENTITY = "-";
				CODE_SIGN_STYLE = Automatic;
				COMBINE_HIDPI_IMAGES = YES;
				DEVELOPMENT_TEAM = ZL97FBBQH7;
				ENABLE_HARDENED_RUNTIME = YES;
				INFOPLIST_FILE = Sample/Info.plist;
				LD_RUNPATH_SEARCH_PATHS = (
					"$(inherited)",
					"@executable_path/../Frameworks",
				);
				PRODUCT_BUNDLE_IDENTIFIER = com.lantean.Sample;
				PRODUCT_NAME = "$(TARGET_NAME)";
				SWIFT_VERSION = 5.0;
			};
			name = Debug;
		};
		B541B9CB25C0B09D002FB211 /* Release */ = {
			isa = XCBuildConfiguration;
			buildSettings = {
				ASSETCATALOG_COMPILER_APPICON_NAME = AppIcon;
				ASSETCATALOG_COMPILER_GLOBAL_ACCENT_COLOR_NAME = AccentColor;
				CODE_SIGN_ENTITLEMENTS = Sample/Sample.entitlements;
				CODE_SIGN_IDENTITY = "-";
				CODE_SIGN_STYLE = Automatic;
				COMBINE_HIDPI_IMAGES = YES;
				DEVELOPMENT_TEAM = ZL97FBBQH7;
				ENABLE_HARDENED_RUNTIME = YES;
				INFOPLIST_FILE = Sample/Info.plist;
				LD_RUNPATH_SEARCH_PATHS = (
					"$(inherited)",
					"@executable_path/../Frameworks",
				);
				PRODUCT_BUNDLE_IDENTIFIER = com.lantean.Sample;
				PRODUCT_NAME = "$(TARGET_NAME)";
				SWIFT_VERSION = 5.0;
			};
			name = Release;
		};
		B541B9CD25C0B09D002FB211 /* Debug */ = {
			isa = XCBuildConfiguration;
			buildSettings = {
				ALWAYS_EMBED_SWIFT_STANDARD_LIBRARIES = YES;
				BUNDLE_LOADER = "$(TEST_HOST)";
				CODE_SIGN_STYLE = Automatic;
				COMBINE_HIDPI_IMAGES = YES;
				DEVELOPMENT_TEAM = UD62CN8WN6;
				INFOPLIST_FILE = SampleTests/Info.plist;
				LD_RUNPATH_SEARCH_PATHS = (
					"$(inherited)",
					"@executable_path/../Frameworks",
					"@loader_path/../Frameworks",
				);
				MACOSX_DEPLOYMENT_TARGET = 11.1;
				PRODUCT_BUNDLE_IDENTIFIER = com.lantean.SampleTests;
				PRODUCT_NAME = "$(TARGET_NAME)";
				SWIFT_VERSION = 5.0;
				TEST_HOST = "$(BUILT_PRODUCTS_DIR)/Sample.app/Contents/MacOS/Sample";
			};
			name = Debug;
		};
		B541B9CE25C0B09D002FB211 /* Release */ = {
			isa = XCBuildConfiguration;
			buildSettings = {
				ALWAYS_EMBED_SWIFT_STANDARD_LIBRARIES = YES;
				BUNDLE_LOADER = "$(TEST_HOST)";
				CODE_SIGN_STYLE = Automatic;
				COMBINE_HIDPI_IMAGES = YES;
				DEVELOPMENT_TEAM = UD62CN8WN6;
				INFOPLIST_FILE = SampleTests/Info.plist;
				LD_RUNPATH_SEARCH_PATHS = (
					"$(inherited)",
					"@executable_path/../Frameworks",
					"@loader_path/../Frameworks",
				);
				MACOSX_DEPLOYMENT_TARGET = 11.1;
				PRODUCT_BUNDLE_IDENTIFIER = com.lantean.SampleTests;
				PRODUCT_NAME = "$(TARGET_NAME)";
				SWIFT_VERSION = 5.0;
				TEST_HOST = "$(BUILT_PRODUCTS_DIR)/Sample.app/Contents/MacOS/Sample";
			};
			name = Release;
		};
		B541B9D025C0B09D002FB211 /* Debug */ = {
			isa = XCBuildConfiguration;
			buildSettings = {
				ALWAYS_EMBED_SWIFT_STANDARD_LIBRARIES = YES;
				CODE_SIGN_STYLE = Automatic;
				COMBINE_HIDPI_IMAGES = YES;
				DEVELOPMENT_TEAM = UD62CN8WN6;
				INFOPLIST_FILE = SampleUITests/Info.plist;
				LD_RUNPATH_SEARCH_PATHS = (
					"$(inherited)",
					"@executable_path/../Frameworks",
					"@loader_path/../Frameworks",
				);
				PRODUCT_BUNDLE_IDENTIFIER = com.lantean.SampleUITests;
				PRODUCT_NAME = "$(TARGET_NAME)";
				SWIFT_VERSION = 5.0;
				TEST_TARGET_NAME = Sample;
			};
			name = Debug;
		};
		B541B9D125C0B09D002FB211 /* Release */ = {
			isa = XCBuildConfiguration;
			buildSettings = {
				ALWAYS_EMBED_SWIFT_STANDARD_LIBRARIES = YES;
				CODE_SIGN_STYLE = Automatic;
				COMBINE_HIDPI_IMAGES = YES;
				DEVELOPMENT_TEAM = UD62CN8WN6;
				INFOPLIST_FILE = SampleUITests/Info.plist;
				LD_RUNPATH_SEARCH_PATHS = (
					"$(inherited)",
					"@executable_path/../Frameworks",
					"@loader_path/../Frameworks",
				);
				PRODUCT_BUNDLE_IDENTIFIER = com.lantean.SampleUITests;
				PRODUCT_NAME = "$(TARGET_NAME)";
				SWIFT_VERSION = 5.0;
				TEST_TARGET_NAME = Sample;
			};
			name = Release;
		};
/* End XCBuildConfiguration section */

/* Begin XCConfigurationList section */
		B541B99E25C0B09C002FB211 /* Build configuration list for PBXProject "Sample" */ = {
			isa = XCConfigurationList;
			buildConfigurations = (
				B541B9C725C0B09D002FB211 /* Debug */,
				B541B9C825C0B09D002FB211 /* Release */,
			);
			defaultConfigurationIsVisible = 0;
			defaultConfigurationName = Release;
		};
		B541B9C925C0B09D002FB211 /* Build configuration list for PBXNativeTarget "Sample" */ = {
			isa = XCConfigurationList;
			buildConfigurations = (
				B541B9CA25C0B09D002FB211 /* Debug */,
				B541B9CB25C0B09D002FB211 /* Release */,
			);
			defaultConfigurationIsVisible = 0;
			defaultConfigurationName = Release;
		};
		B541B9CC25C0B09D002FB211 /* Build configuration list for PBXNativeTarget "SampleTests" */ = {
			isa = XCConfigurationList;
			buildConfigurations = (
				B541B9CD25C0B09D002FB211 /* Debug */,
				B541B9CE25C0B09D002FB211 /* Release */,
			);
			defaultConfigurationIsVisible = 0;
			defaultConfigurationName = Release;
		};
		B541B9CF25C0B09D002FB211 /* Build configuration list for PBXNativeTarget "SampleUITests" */ = {
			isa = XCConfigurationList;
			buildConfigurations = (
				B541B9D025C0B09D002FB211 /* Debug */,
				B541B9D125C0B09D002FB211 /* Release */,
			);
			defaultConfigurationIsVisible = 0;
			defaultConfigurationName = Release;
		};
/* End XCConfigurationList section */
	};
	rootObject = B541B99B25C0B09C002FB211 /* Project object */;
}
